
Microsoft Visual Studio Solution File, Format Version 12.00
# Visual Studio Version 17
VisualStudioVersion = 17.4.33110.190
MinimumVisualStudioVersion = 10.0.40219.1
Project("{FAE04EC0-301F-11D3-BF4B-00C04F79EFBC}") = "La Mia Pizzeria 1", "La Mia Pizzeria 1\La Mia Pizzeria 1.csproj", "{09BAB730-9B40-47EC-BA2C-6F31073CA63C}"
EndProject
Global
	GlobalSection(SolutionConfigurationPlatforms) = preSolution
		Debug|Any CPU = Debug|Any CPU
		Release|Any CPU = Release|Any CPU
	EndGlobalSection
	GlobalSection(ProjectConfigurationPlatforms) = postSolution
		{09BAB730-9B40-47EC-BA2C-6F31073CA63C}.Debug|Any CPU.ActiveCfg = Debug|Any CPU
		{09BAB730-9B40-47EC-BA2C-6F31073CA63C}.Debug|Any CPU.Build.0 = Debug|Any CPU
		{09BAB730-9B40-47EC-BA2C-6F31073CA63C}.Release|Any CPU.ActiveCfg = Release|Any CPU
		{09BAB730-9B40-47EC-BA2C-6F31073CA63C}.Release|Any CPU.Build.0 = Release|Any CPU
	EndGlobalSection
	GlobalSection(SolutionProperties) = preSolution
		HideSolutionNode = FALSE
	EndGlobalSection
	GlobalSection(ExtensibilityGlobals) = postSolution
		SolutionGuid = {6C9FD36F-8AA1-42A8-B748-2FC74E41EDB7}
	EndGlobalSection
EndGlobal
